
Microsoft Visual Studio Solution File, Format Version 12.00
# Visual Studio Version 17
VisualStudioVersion = 17.8.34330.188
MinimumVisualStudioVersion = 10.0.40219.1
Project("{888888A0-9F3D-457C-B088-3A5042F75D52}") = "ClassificationNN_1216098", "ClassificationNN_1216098.pyproj", "{BAB404A1-F361-40C7-87AC-C489279B891E}"
EndProject
Global
	GlobalSection(SolutionConfigurationPlatforms) = preSolution
		Debug|Any CPU = Debug|Any CPU
		Release|Any CPU = Release|Any CPU
	EndGlobalSection
	GlobalSection(ProjectConfigurationPlatforms) = postSolution
		{BAB404A1-F361-40C7-87AC-C489279B891E}.Debug|Any CPU.ActiveCfg = Debug|Any CPU
		{BAB404A1-F361-40C7-87AC-C489279B891E}.Release|Any CPU.ActiveCfg = Release|Any CPU
	EndGlobalSection
	GlobalSection(SolutionProperties) = preSolution
		HideSolutionNode = FALSE
	EndGlobalSection
	GlobalSection(ExtensibilityGlobals) = postSolution
		SolutionGuid = {E556D364-A431-4BC4-911B-929FC98FC429}
	EndGlobalSection
EndGlobal
