
Microsoft Visual Studio Solution File, Format Version 12.00
# Visual Studio Version 17
VisualStudioVersion = 17.8.34330.188
MinimumVisualStudioVersion = 10.0.40219.1
Project("{888888A0-9F3D-457C-B088-3A5042F75D52}") = "TransformerT1_1216098", "TransformerT1_1216098.pyproj", "{F6C245DD-392E-4045-BB12-8283F84DA221}"
EndProject
Global
	GlobalSection(SolutionConfigurationPlatforms) = preSolution
		Debug|Any CPU = Debug|Any CPU
		Release|Any CPU = Release|Any CPU
	EndGlobalSection
	GlobalSection(ProjectConfigurationPlatforms) = postSolution
		{F6C245DD-392E-4045-BB12-8283F84DA221}.Debug|Any CPU.ActiveCfg = Debug|Any CPU
		{F6C245DD-392E-4045-BB12-8283F84DA221}.Release|Any CPU.ActiveCfg = Release|Any CPU
	EndGlobalSection
	GlobalSection(SolutionProperties) = preSolution
		HideSolutionNode = FALSE
	EndGlobalSection
	GlobalSection(ExtensibilityGlobals) = postSolution
		SolutionGuid = {D59A0E69-C219-4521-B651-9E2D35781E00}
	EndGlobalSection
EndGlobal
